
Microsoft Visual Studio Solution File, Format Version 12.00
# Visual Studio Version 17
VisualStudioVersion = 17.2.32516.85
MinimumVisualStudioVersion = 10.0.40219.1
Project("{9A19103F-16F7-4668-BE54-9A1E7A4F7556}") = "UmbDock", "UmbDock\UmbDock.csproj", "{2C1ADCE5-1CDC-4B46-BBDA-2A07E1355FFD}"
EndProject
Project("{9A19103F-16F7-4668-BE54-9A1E7A4F7556}") = "UmBlazor", "UmBlazor\UmBlazor.csproj", "{383BF682-9AB7-4923-8ACE-EBFC6FE7BAA4}"
EndProject
Global
	GlobalSection(SolutionConfigurationPlatforms) = preSolution
		Debug|Any CPU = Debug|Any CPU
		Release|Any CPU = Release|Any CPU
	EndGlobalSection
	GlobalSection(ProjectConfigurationPlatforms) = postSolution
		{2C1ADCE5-1CDC-4B46-BBDA-2A07E1355FFD}.Debug|Any CPU.ActiveCfg = Debug|Any CPU
		{2C1ADCE5-1CDC-4B46-BBDA-2A07E1355FFD}.Debug|Any CPU.Build.0 = Debug|Any CPU
		{2C1ADCE5-1CDC-4B46-BBDA-2A07E1355FFD}.Release|Any CPU.ActiveCfg = Release|Any CPU
		{2C1ADCE5-1CDC-4B46-BBDA-2A07E1355FFD}.Release|Any CPU.Build.0 = Release|Any CPU
		{383BF682-9AB7-4923-8ACE-EBFC6FE7BAA4}.Debug|Any CPU.ActiveCfg = Debug|Any CPU
		{383BF682-9AB7-4923-8ACE-EBFC6FE7BAA4}.Debug|Any CPU.Build.0 = Debug|Any CPU
		{383BF682-9AB7-4923-8ACE-EBFC6FE7BAA4}.Release|Any CPU.ActiveCfg = Release|Any CPU
		{383BF682-9AB7-4923-8ACE-EBFC6FE7BAA4}.Release|Any CPU.Build.0 = Release|Any CPU
	EndGlobalSection
	GlobalSection(SolutionProperties) = preSolution
		HideSolutionNode = FALSE
	EndGlobalSection
	GlobalSection(ExtensibilityGlobals) = postSolution
		SolutionGuid = {B5E94482-7C34-44AD-8C0D-A3C1CF1B73DF}
	EndGlobalSection
EndGlobal
