Microsoft Visual Studio Solution File, Format Version 12.00
# Visual Studio Version 17
VisualStudioVersion = 17.5.2.0
MinimumVisualStudioVersion = 10.0.40219.1
Project("{FAE04EC0-301F-11D3-BF4B-00C04F79EFBC}") = "UmbWeb", "UmbWeb.csproj", "{93B07164-9F06-2474-CB84-7FAF8FB7D884}"
EndProject
Global
	GlobalSection(SolutionConfigurationPlatforms) = preSolution
		Debug|Any CPU = Debug|Any CPU
		Release|Any CPU = Release|Any CPU
	EndGlobalSection
	GlobalSection(ProjectConfigurationPlatforms) = postSolution
		{93B07164-9F06-2474-CB84-7FAF8FB7D884}.Debug|Any CPU.ActiveCfg = Debug|Any CPU
		{93B07164-9F06-2474-CB84-7FAF8FB7D884}.Debug|Any CPU.Build.0 = Debug|Any CPU
		{93B07164-9F06-2474-CB84-7FAF8FB7D884}.Release|Any CPU.ActiveCfg = Release|Any CPU
		{93B07164-9F06-2474-CB84-7FAF8FB7D884}.Release|Any CPU.Build.0 = Release|Any CPU
	EndGlobalSection
	GlobalSection(SolutionProperties) = preSolution
		HideSolutionNode = FALSE
	EndGlobalSection
	GlobalSection(ExtensibilityGlobals) = postSolution
		SolutionGuid = {3ADC529B-A7AE-42E2-AF33-92EBD041CD47}
	EndGlobalSection
EndGlobal
