
Microsoft Visual Studio Solution File, Format Version 12.00
# Visual Studio Version 16
VisualStudioVersion = 16.0.30114.105
MinimumVisualStudioVersion = 10.0.40219.1
Project("{FAE04EC0-301F-11D3-BF4B-00C04F79EFBC}") = "UmbDock", "UmbDock\UmbDock.csproj", "{057DCC6F-3366-4CA5-AE56-FC9E0F609C71}"
EndProject
Project("{FAE04EC0-301F-11D3-BF4B-00C04F79EFBC}") = "UmBlazor", "UmBlazor\UmBlazor.csproj", "{6CCDDCA0-3D61-4D6F-99D7-1DB3FB667CC1}"
EndProject
Global
	GlobalSection(SolutionConfigurationPlatforms) = preSolution
		Debug|Any CPU = Debug|Any CPU
		Release|Any CPU = Release|Any CPU
	EndGlobalSection
	GlobalSection(SolutionProperties) = preSolution
		HideSolutionNode = FALSE
	EndGlobalSection
	GlobalSection(ProjectConfigurationPlatforms) = postSolution
		{057DCC6F-3366-4CA5-AE56-FC9E0F609C71}.Debug|Any CPU.ActiveCfg = Debug|Any CPU
		{057DCC6F-3366-4CA5-AE56-FC9E0F609C71}.Debug|Any CPU.Build.0 = Debug|Any CPU
		{057DCC6F-3366-4CA5-AE56-FC9E0F609C71}.Release|Any CPU.ActiveCfg = Release|Any CPU
		{057DCC6F-3366-4CA5-AE56-FC9E0F609C71}.Release|Any CPU.Build.0 = Release|Any CPU
		{6CCDDCA0-3D61-4D6F-99D7-1DB3FB667CC1}.Debug|Any CPU.ActiveCfg = Debug|Any CPU
		{6CCDDCA0-3D61-4D6F-99D7-1DB3FB667CC1}.Debug|Any CPU.Build.0 = Debug|Any CPU
		{6CCDDCA0-3D61-4D6F-99D7-1DB3FB667CC1}.Release|Any CPU.ActiveCfg = Release|Any CPU
		{6CCDDCA0-3D61-4D6F-99D7-1DB3FB667CC1}.Release|Any CPU.Build.0 = Release|Any CPU
	EndGlobalSection
EndGlobal
